hash: 81953eea23782222a17d567f27364295c586e1366dd37f68b5ff52504967e9af
updated: 2016-09-18T11:48:25.454626402+10:00
imports:
- name: github.com/alecthomas/template
  version: fb658a82d15c602472da00a2a8beec8b4b6a2a45
  subpackages:
  - parse
- name: github.com/alecthomas/units
  version: fb658a82d15c602472da00a2a8beec8b4b6a2a45
- name: github.com/andybalholm/cascadia
  version: fb658a82d15c602472da00a2a8beec8b4b6a2a45
- name: github.com/bcampbell/fuzzytime
  version: 39f1cd4b72489d771d9407a46ec1c6a5cf3d1c73
- name: github.com/dustin/go-humanize
  version: fb658a82d15c602472da00a2a8beec8b4b6a2a45
- name: github.com/dvsekhvalnov/jose2go
  version: fb658a82d15c602472da00a2a8beec8b4b6a2a45
  subpackages:
  - aes
  - arrays
  - base64url
  - compact
  - kdf
  - keys/ecc
  - padding
- name: github.com/f2prateek/train
  version: fb658a82d15c602472da00a2a8beec8b4b6a2a45
  subpackages:
  - log
- name: github.com/gorilla/context
  version: fb658a82d15c602472da00a2a8beec8b4b6a2a45
- name: github.com/gorilla/mux
  version: fb658a82d15c602472da00a2a8beec8b4b6a2a45
- name: github.com/headzoo/surf
  version: fb658a82d15c602472da00a2a8beec8b4b6a2a45
  repo: git@github.com:cardigann/surf.git
  subpackages:
  - agent
  - browser
  - jar
  - errors
  - util
- name: github.com/jarcoal/httpmock
  version: fb658a82d15c602472da00a2a8beec8b4b6a2a45
- name: github.com/jinzhu/now
  version: d9861969c7a7e84746d341c09020c2ef8a617f8f
- name: github.com/kardianos/osext
  version: fb658a82d15c602472da00a2a8beec8b4b6a2a45
- name: github.com/kardianos/service
  version: fb658a82d15c602472da00a2a8beec8b4b6a2a45
- name: github.com/PuerkitoBio/goquery
  version: fb658a82d15c602472da00a2a8beec8b4b6a2a45
- name: github.com/shibukawa/configdir
  version: fb658a82d15c602472da00a2a8beec8b4b6a2a45
- name: github.com/Sirupsen/logrus
  version: fb658a82d15c602472da00a2a8beec8b4b6a2a45
- name: github.com/vaughan0/go-ini
  version: fb658a82d15c602472da00a2a8beec8b4b6a2a45
- name: github.com/yosssi/gohtml
  version: fb658a82d15c602472da00a2a8beec8b4b6a2a45
- name: golang.org/x/net
  version: fb658a82d15c602472da00a2a8beec8b4b6a2a45
  subpackages:
  - html
  - html/atom
- name: golang.org/x/sys
  version: fb658a82d15c602472da00a2a8beec8b4b6a2a45
  subpackages:
  - unix
  - windows/registry
  - windows/svc
  - windows/svc/eventlog
  - windows/svc/mgr
  - windows
- name: gopkg.in/alecthomas/kingpin.v2
  version: fb658a82d15c602472da00a2a8beec8b4b6a2a45
- name: gopkg.in/yaml.v2
  version: fb658a82d15c602472da00a2a8beec8b4b6a2a45
devImports: []
